
Microsoft Visual Studio Solution File, Format Version 12.00
# Visual Studio Version 16
VisualStudioVersion = 16.0.31205.134
MinimumVisualStudioVersion = 10.0.40219.1
Project("{9A19103F-16F7-4668-BE54-9A1E7A4F7556}") = "AsyncAwait", "AsyncAwait\AsyncAwait.csproj", "{8A677821-F03E-4482-A60E-C4C4AC546C1B}"
EndProject
Project("{9A19103F-16F7-4668-BE54-9A1E7A4F7556}") = "ExecucaoSequencial", "ExecucaoSequencial\ExecucaoSequencial.csproj", "{FB4D4D5D-578A-49F5-AC12-FFBBF5ECB942}"
EndProject
Project("{9A19103F-16F7-4668-BE54-9A1E7A4F7556}") = "ExecucaoParalela", "ExecucaoParalela\ExecucaoParalela.csproj", "{A542D152-A739-46FB-B936-4A3CB5B7369B}"
EndProject
Project("{FAE04EC0-301F-11D3-BF4B-00C04F79EFBC}") = "WpfExemplo", "WpfExemplo\WpfExemplo.csproj", "{DDE6E531-6EB4-4715-8C53-62FB7C5D2AFA}"
EndProject
Global
	GlobalSection(SolutionConfigurationPlatforms) = preSolution
		Debug|Any CPU = Debug|Any CPU
		Release|Any CPU = Release|Any CPU
	EndGlobalSection
	GlobalSection(ProjectConfigurationPlatforms) = postSolution
		{8A677821-F03E-4482-A60E-C4C4AC546C1B}.Debug|Any CPU.ActiveCfg = Debug|Any CPU
		{8A677821-F03E-4482-A60E-C4C4AC546C1B}.Debug|Any CPU.Build.0 = Debug|Any CPU
		{8A677821-F03E-4482-A60E-C4C4AC546C1B}.Release|Any CPU.ActiveCfg = Release|Any CPU
		{8A677821-F03E-4482-A60E-C4C4AC546C1B}.Release|Any CPU.Build.0 = Release|Any CPU
		{FB4D4D5D-578A-49F5-AC12-FFBBF5ECB942}.Debug|Any CPU.ActiveCfg = Debug|Any CPU
		{FB4D4D5D-578A-49F5-AC12-FFBBF5ECB942}.Debug|Any CPU.Build.0 = Debug|Any CPU
		{FB4D4D5D-578A-49F5-AC12-FFBBF5ECB942}.Release|Any CPU.ActiveCfg = Release|Any CPU
		{FB4D4D5D-578A-49F5-AC12-FFBBF5ECB942}.Release|Any CPU.Build.0 = Release|Any CPU
		{A542D152-A739-46FB-B936-4A3CB5B7369B}.Debug|Any CPU.ActiveCfg = Debug|Any CPU
		{A542D152-A739-46FB-B936-4A3CB5B7369B}.Debug|Any CPU.Build.0 = Debug|Any CPU
		{A542D152-A739-46FB-B936-4A3CB5B7369B}.Release|Any CPU.ActiveCfg = Release|Any CPU
		{A542D152-A739-46FB-B936-4A3CB5B7369B}.Release|Any CPU.Build.0 = Release|Any CPU
		{DDE6E531-6EB4-4715-8C53-62FB7C5D2AFA}.Debug|Any CPU.ActiveCfg = Debug|Any CPU
		{DDE6E531-6EB4-4715-8C53-62FB7C5D2AFA}.Debug|Any CPU.Build.0 = Debug|Any CPU
		{DDE6E531-6EB4-4715-8C53-62FB7C5D2AFA}.Release|Any CPU.ActiveCfg = Release|Any CPU
		{DDE6E531-6EB4-4715-8C53-62FB7C5D2AFA}.Release|Any CPU.Build.0 = Release|Any CPU
	EndGlobalSection
	GlobalSection(SolutionProperties) = preSolution
		HideSolutionNode = FALSE
	EndGlobalSection
	GlobalSection(ExtensibilityGlobals) = postSolution
		SolutionGuid = {EF377CA0-676E-49ED-9B74-9C04DFC42035}
	EndGlobalSection
EndGlobal
